
Microsoft Visual Studio Solution File, Format Version 12.00
# Visual Studio Version 16
VisualStudioVersion = 16.0.31624.102
MinimumVisualStudioVersion = 10.0.40219.1
Project("{FAE04EC0-301F-11D3-BF4B-00C04F79EFBC}") = "lab_01", "lab_01\lab_01.csproj", "{28E0456D-9672-4247-9E65-4FF3428AC317}"
EndProject
Global
	GlobalSection(SolutionConfigurationPlatforms) = preSolution
		Debug|Any CPU = Debug|Any CPU
		Release|Any CPU = Release|Any CPU
	EndGlobalSection
	GlobalSection(ProjectConfigurationPlatforms) = postSolution
		{28E0456D-9672-4247-9E65-4FF3428AC317}.Debug|Any CPU.ActiveCfg = Debug|Any CPU
		{28E0456D-9672-4247-9E65-4FF3428AC317}.Debug|Any CPU.Build.0 = Debug|Any CPU
		{28E0456D-9672-4247-9E65-4FF3428AC317}.Release|Any CPU.ActiveCfg = Release|Any CPU
		{28E0456D-9672-4247-9E65-4FF3428AC317}.Release|Any CPU.Build.0 = Release|Any CPU
	EndGlobalSection
	GlobalSection(SolutionProperties) = preSolution
		HideSolutionNode = FALSE
	EndGlobalSection
	GlobalSection(ExtensibilityGlobals) = postSolution
		SolutionGuid = {CCFE2019-CB01-474F-B12D-EBEBE8BA2855}
	EndGlobalSection
EndGlobal
